
Microsoft Visual Studio Solution File, Format Version 12.00
# Visual Studio 15
VisualStudioVersion = 15.0.28307.106
MinimumVisualStudioVersion = 10.0.40219.1
Project("{FAE04EC0-301F-11D3-BF4B-00C04F79EFBC}") = "4 01ImagePW", "4 01ImagePW\4 01ImagePW.csproj", "{72439F3F-9B89-4980-A1CA-7A1E317DD495}"
EndProject
Project("{FAE04EC0-301F-11D3-BF4B-00C04F79EFBC}") = "Library.Data", "Library.Data\Library.Data.csproj", "{908B5E3A-4CB8-4BD6-97D5-B97E12603A03}"
EndProject
Global
	GlobalSection(SolutionConfigurationPlatforms) = preSolution
		Debug|Any CPU = Debug|Any CPU
		Release|Any CPU = Release|Any CPU
	EndGlobalSection
	GlobalSection(ProjectConfigurationPlatforms) = postSolution
		{72439F3F-9B89-4980-A1CA-7A1E317DD495}.Debug|Any CPU.ActiveCfg = Debug|Any CPU
		{72439F3F-9B89-4980-A1CA-7A1E317DD495}.Debug|Any CPU.Build.0 = Debug|Any CPU
		{72439F3F-9B89-4980-A1CA-7A1E317DD495}.Release|Any CPU.ActiveCfg = Release|Any CPU
		{72439F3F-9B89-4980-A1CA-7A1E317DD495}.Release|Any CPU.Build.0 = Release|Any CPU
		{908B5E3A-4CB8-4BD6-97D5-B97E12603A03}.Debug|Any CPU.ActiveCfg = Debug|Any CPU
		{908B5E3A-4CB8-4BD6-97D5-B97E12603A03}.Debug|Any CPU.Build.0 = Debug|Any CPU
		{908B5E3A-4CB8-4BD6-97D5-B97E12603A03}.Release|Any CPU.ActiveCfg = Release|Any CPU
		{908B5E3A-4CB8-4BD6-97D5-B97E12603A03}.Release|Any CPU.Build.0 = Release|Any CPU
	EndGlobalSection
	GlobalSection(SolutionProperties) = preSolution
		HideSolutionNode = FALSE
	EndGlobalSection
	GlobalSection(ExtensibilityGlobals) = postSolution
		SolutionGuid = {58F1E114-1A18-4AD0-9AAF-206478051BF2}
	EndGlobalSection
EndGlobal
